github.com/vcaesar/tt v0.40.0 h1:vWUNRJn13ozP3xXlAXV5q9WivaDSHRS2jQ2J2ayCvQs=
github.com/vcaesar/tt v0.40.0/go.mod h1:cH2+AwGAJm19Wa6xvEa+0r+sXDJBT0QgNQey6mwqLeU=
golang.org/x/image v0.46.0 h1:b1+oYj0Jbp6K5MDT4i4/eZpYlk3V8SJhhDKh6LBHAyQ=
golang.org/x/image v0.46.0/go.mod h1:3B3W05VGVQyuXucLINLjXKrqISASfi4Xj+iCVkLMwew=
